# THIS IS AN AUTOGENERATED FILE. DO NOT EDIT THIS FILE DIRECTLY.
# yarn lockfile v1


"@material/theme@^0.35.0":
  version "0.35.0"
  resolved "https://registry.yarnpkg.com/@material/theme/-/theme-0.35.0.tgz#a2c76f60b82a53d399b769ef91ec52e83ad3c3bd"

"@material/typography@^0.35.0":
  version "0.35.0"
  resolved "https://registry.yarnpkg.com/@material/typography/-/typography-0.35.0.tgz#23ad7eb7c9789e69c7c3fa54df8fc311cd7fc4b1"
